<?xml version="1.0" encoding="utf-8"?>
<Project ToolsVersion="4.0" xmlns="http://schemas.microsoft.com/developer/msbuild/2003">
  <ItemGroup>
    <Filter Include="src">
      <UniqueIdentifier>{4FC737F1-C7A5-4376-A066-2A32D752A2FF}</UniqueIdentifier>
      <Extensions>cpp;c;cc;cxx;def;odl;idl;hpj;bat;asm;asmx</Extensions>
    </Filter>
    <Filter Include="include">
      <UniqueIdentifier>{93995380-89BD-4b04-88EB-625FBE52EBFB}</UniqueIdentifier>
      <Extensions>h;hh;hpp;hxx;hm;inl;inc;xsd</Extensions>
    </Filter>
    <Filter Include="include\LuaForOpenSiv3D">
      <UniqueIdentifier>{6b0deeb7-47d9-4f60-8aa6-547c349cacdd}</UniqueIdentifier>
    </Filter>
    <Filter Include="include\LuaForOpenSiv3D\Environment">
      <UniqueIdentifier>{ef67f2f9-1dce-4fa3-8da8-2be4d881f68e}</UniqueIdentifier>
    </Filter>
    <Filter Include="src\LuaForOpenSiv3D">
      <UniqueIdentifier>{506d18d4-d8bf-4813-bbe9-b25d048f5c41}</UniqueIdentifier>
    </Filter>
    <Filter Include="include\LuaForOpenSiv3D\Environment\detail">
      <UniqueIdentifier>{30397c45-236f-4a84-ad14-78e56abe3177}</UniqueIdentifier>
    </Filter>
    <Filter Include="src\LuaForOpenSiv3D\Environment">
      <UniqueIdentifier>{d436bfe9-1503-48a3-bdbc-df21be16ea5b}</UniqueIdentifier>
    </Filter>
    <Filter Include="include\LuaForOpenSiv3D\Error">
      <UniqueIdentifier>{01f59adb-43f6-4ec0-a6cd-d65721bc44e0}</UniqueIdentifier>
    </Filter>
    <Filter Include="src\LuaForOpenSiv3D\Error">
      <UniqueIdentifier>{2876a31a-a7d0-4ca8-8c35-a61fe612ed92}</UniqueIdentifier>
    </Filter>
    <Filter Include="include\LuaForOpenSiv3D\Error\detail">
      <UniqueIdentifier>{bb235651-a610-4085-ab08-3a963c702091}</UniqueIdentifier>
    </Filter>
  </ItemGroup>
  <ItemGroup>
    <ClInclude Include="..\OpenSiv3D_lua\include\LuaScript.h">
      <Filter>include</Filter>
    </ClInclude>
    <ClInclude Include="..\OpenSiv3D_lua\include\LuaForOpenSiv3D\LibraryLinker.h">
      <Filter>include\LuaForOpenSiv3D</Filter>
    </ClInclude>
    <ClInclude Include="..\OpenSiv3D_lua\include\LuaForOpenSiv3D\Environment\IEnvironment.h">
      <Filter>include\LuaForOpenSiv3D\Environment</Filter>
    </ClInclude>
    <ClInclude Include="..\OpenSiv3D_lua\include\LuaForOpenSiv3D\Environment\GlobalEnvironment.h">
      <Filter>include\LuaForOpenSiv3D\Environment</Filter>
    </ClInclude>
    <ClInclude Include="..\OpenSiv3D_lua\include\LuaForOpenSiv3D\InternalStrings.h">
      <Filter>include\LuaForOpenSiv3D</Filter>
    </ClInclude>
    <ClInclude Include="..\OpenSiv3D_lua\include\LuaForOpenSiv3D\Environment\detail\IEnvironment.ipp">
      <Filter>include\LuaForOpenSiv3D\Environment\detail</Filter>
    </ClInclude>
    <ClInclude Include="..\OpenSiv3D_lua\include\LuaForOpenSiv3D\Error\ErrorUtility.h">
      <Filter>include\LuaForOpenSiv3D\Error</Filter>
    </ClInclude>
    <ClInclude Include="..\OpenSiv3D_lua\include\LuaForOpenSiv3D\Error\detail\ErrorUtility.ipp">
      <Filter>include\LuaForOpenSiv3D\Error\detail</Filter>
    </ClInclude>
    <ClInclude Include="..\OpenSiv3D_lua\include\LuaForOpenSiv3D\Environment\detail\GlobalEnvironment.ipp">
      <Filter>include\LuaForOpenSiv3D\Environment\detail</Filter>
    </ClInclude>
  </ItemGroup>
  <ItemGroup>
    <None Include=".editorconfig" />
  </ItemGroup>
  <ItemGroup>
    <ClCompile Include="..\OpenSiv3D_lua\src\LuaForOpenSiv3D\InternalStrings.cpp">
      <Filter>src\LuaForOpenSiv3D</Filter>
    </ClCompile>
    <ClCompile Include="..\OpenSiv3D_lua\src\LuaForOpenSiv3D\Environment\GlobalEnvironment.cpp">
      <Filter>src\LuaForOpenSiv3D\Environment</Filter>
    </ClCompile>
    <ClCompile Include="..\OpenSiv3D_lua\src\LuaForOpenSiv3D\Error\ErrorUtility.cpp">
      <Filter>src\LuaForOpenSiv3D\Error</Filter>
    </ClCompile>
  </ItemGroup>
</Project>